
Microsoft Visual Studio Solution File, Format Version 12.00
# Visual Studio Version 16
VisualStudioVersion = 16.0.30523.141
MinimumVisualStudioVersion = 10.0.40219.1
Project("{FAE04EC0-301F-11D3-BF4B-00C04F79EFBC}") = "BusinessRule.BL", "BusinessRule.BL\BusinessRule.BL.csproj", "{45F7BC79-4E48-4421-8EC4-DA9F4F578A83}"
EndProject
Project("{FAE04EC0-301F-11D3-BF4B-00C04F79EFBC}") = "BusinessRule.UnitTest", "BusinessRule.UnitTest\BusinessRule.UnitTest.csproj", "{BC286E39-73C5-4934-804B-D99A5401C55D}"
EndProject
Project("{FAE04EC0-301F-11D3-BF4B-00C04F79EFBC}") = "BusinessRule", "BusinessRule\BusinessRule.csproj", "{99F417AB-729C-4603-99FF-D380BDBCAAF0}"
EndProject
Global
	GlobalSection(SolutionConfigurationPlatforms) = preSolution
		Debug|Any CPU = Debug|Any CPU
		Release|Any CPU = Release|Any CPU
	EndGlobalSection
	GlobalSection(ProjectConfigurationPlatforms) = postSolution
		{45F7BC79-4E48-4421-8EC4-DA9F4F578A83}.Debug|Any CPU.ActiveCfg = Debug|Any CPU
		{45F7BC79-4E48-4421-8EC4-DA9F4F578A83}.Debug|Any CPU.Build.0 = Debug|Any CPU
		{45F7BC79-4E48-4421-8EC4-DA9F4F578A83}.Release|Any CPU.ActiveCfg = Release|Any CPU
		{45F7BC79-4E48-4421-8EC4-DA9F4F578A83}.Release|Any CPU.Build.0 = Release|Any CPU
		{BC286E39-73C5-4934-804B-D99A5401C55D}.Debug|Any CPU.ActiveCfg = Debug|Any CPU
		{BC286E39-73C5-4934-804B-D99A5401C55D}.Debug|Any CPU.Build.0 = Debug|Any CPU
		{BC286E39-73C5-4934-804B-D99A5401C55D}.Release|Any CPU.ActiveCfg = Release|Any CPU
		{BC286E39-73C5-4934-804B-D99A5401C55D}.Release|Any CPU.Build.0 = Release|Any CPU
		{99F417AB-729C-4603-99FF-D380BDBCAAF0}.Debug|Any CPU.ActiveCfg = Debug|Any CPU
		{99F417AB-729C-4603-99FF-D380BDBCAAF0}.Debug|Any CPU.Build.0 = Debug|Any CPU
		{99F417AB-729C-4603-99FF-D380BDBCAAF0}.Release|Any CPU.ActiveCfg = Release|Any CPU
		{99F417AB-729C-4603-99FF-D380BDBCAAF0}.Release|Any CPU.Build.0 = Release|Any CPU
	EndGlobalSection
	GlobalSection(SolutionProperties) = preSolution
		HideSolutionNode = FALSE
	EndGlobalSection
	GlobalSection(ExtensibilityGlobals) = postSolution
		SolutionGuid = {04B8DB7F-2EBE-4448-8E0E-B9D1A29AE38B}
	EndGlobalSection
EndGlobal
